
Microsoft Visual Studio Solution File, Format Version 12.00
# Visual Studio 2012
Project("{FAE04EC0-301F-11D3-BF4B-00C04F79EFBC}") = "CryptoChallenges", "CryptoChallenges\CryptoChallenges.csproj", "{8C2895A7-92B6-4FB8-A789-181CD8034431}"
EndProject
Project("{FAE04EC0-301F-11D3-BF4B-00C04F79EFBC}") = "CryptoChallengesTests", "CryptoChallengesTests\CryptoChallengesTests.csproj", "{31A70C3F-AC48-4D60-AD3F-BBDE0A146D89}"
EndProject
Global
	GlobalSection(SolutionConfigurationPlatforms) = preSolution
		Debug|Any CPU = Debug|Any CPU
		Release|Any CPU = Release|Any CPU
	EndGlobalSection
	GlobalSection(ProjectConfigurationPlatforms) = postSolution
		{8C2895A7-92B6-4FB8-A789-181CD8034431}.Debug|Any CPU.ActiveCfg = Debug|Any CPU
		{8C2895A7-92B6-4FB8-A789-181CD8034431}.Debug|Any CPU.Build.0 = Debug|Any CPU
		{8C2895A7-92B6-4FB8-A789-181CD8034431}.Release|Any CPU.ActiveCfg = Release|Any CPU
		{8C2895A7-92B6-4FB8-A789-181CD8034431}.Release|Any CPU.Build.0 = Release|Any CPU
		{31A70C3F-AC48-4D60-AD3F-BBDE0A146D89}.Debug|Any CPU.ActiveCfg = Debug|Any CPU
		{31A70C3F-AC48-4D60-AD3F-BBDE0A146D89}.Debug|Any CPU.Build.0 = Debug|Any CPU
		{31A70C3F-AC48-4D60-AD3F-BBDE0A146D89}.Release|Any CPU.ActiveCfg = Release|Any CPU
		{31A70C3F-AC48-4D60-AD3F-BBDE0A146D89}.Release|Any CPU.Build.0 = Release|Any CPU
	EndGlobalSection
	GlobalSection(SolutionProperties) = preSolution
		HideSolutionNode = FALSE
	EndGlobalSection
EndGlobal
